# This file is automatically @generated by Cargo.
# It is not intended for manual editing.
version = 4

[[package]]
name = "maat"
version = "0.3.0"

[[package]]
name = "maat-repl"
version = "0.3.0"
dependencies = [
 "maat_driver",
]

[[package]]
name = "maat_ast"
version = "0.3.0"
dependencies = [
 "maat_lexer",
 "maat_span",
]

[[package]]
name = "maat_driver"
version = "0.3.0"
dependencies = [
 "maat_ast",
 "maat_errors",
 "maat_eval",
 "maat_lexer",
 "maat_parse",
]

[[package]]
name = "maat_errors"
version = "0.3.0"
dependencies = [
 "maat_span",
]

[[package]]
name = "maat_eval"
version = "0.3.0"
dependencies = [
 "maat_ast",
 "maat_errors",
]

[[package]]
name = "maat_lexer"
version = "0.3.0"
dependencies = [
 "maat_span",
 "unicode-xid",
]

[[package]]
name = "maat_parse"
version = "0.3.0"
dependencies = [
 "maat_ast",
 "maat_errors",
 "maat_lexer",
 "maat_span",
]

[[package]]
name = "maat_span"
version = "0.3.0"

[[package]]
name = "unicode-xid"
version = "0.2.6"
source = "registry+https://github.com/rust-lang/crates.io-index"
checksum = "ebc1c04c71510c7f702b52b7c350734c9ff1295c464a03335b00bb84fc54f853"
